
Microsoft Visual Studio Solution File, Format Version 12.00
# Visual Studio Version 17
VisualStudioVersion = 17.7.34024.191
MinimumVisualStudioVersion = 10.0.40219.1
Project("{8BC9CEB8-8B4A-11D0-8D11-00A0C91BC942}") = "lab05", "lab05\lab05.vcxproj", "{0EA237B7-460E-4120-9BBD-86D19295A04B}"
EndProject
Project("{8BC9CEB8-8B4A-11D0-8D11-00A0C91BC942}") = "ConsoleApplication1", "ConsoleApplication1\ConsoleApplication1.vcxproj", "{3FDE4B9C-4522-479B-9E75-9886706D6417}"
EndProject
Global
	GlobalSection(SolutionConfigurationPlatforms) = preSolution
		Debug|x64 = Debug|x64
		Debug|x86 = Debug|x86
		Release|x64 = Release|x64
		Release|x86 = Release|x86
	EndGlobalSection
	GlobalSection(ProjectConfigurationPlatforms) = postSolution
		{0EA237B7-460E-4120-9BBD-86D19295A04B}.Debug|x64.ActiveCfg = Debug|x64
		{0EA237B7-460E-4120-9BBD-86D19295A04B}.Debug|x64.Build.0 = Debug|x64
		{0EA237B7-460E-4120-9BBD-86D19295A04B}.Debug|x86.ActiveCfg = Debug|Win32
		{0EA237B7-460E-4120-9BBD-86D19295A04B}.Debug|x86.Build.0 = Debug|Win32
		{0EA237B7-460E-4120-9BBD-86D19295A04B}.Release|x64.ActiveCfg = Release|x64
		{0EA237B7-460E-4120-9BBD-86D19295A04B}.Release|x64.Build.0 = Release|x64
		{0EA237B7-460E-4120-9BBD-86D19295A04B}.Release|x86.ActiveCfg = Release|Win32
		{0EA237B7-460E-4120-9BBD-86D19295A04B}.Release|x86.Build.0 = Release|Win32
		{3FDE4B9C-4522-479B-9E75-9886706D6417}.Debug|x64.ActiveCfg = Debug|x64
		{3FDE4B9C-4522-479B-9E75-9886706D6417}.Debug|x64.Build.0 = Debug|x64
		{3FDE4B9C-4522-479B-9E75-9886706D6417}.Debug|x86.ActiveCfg = Debug|Win32
		{3FDE4B9C-4522-479B-9E75-9886706D6417}.Debug|x86.Build.0 = Debug|Win32
		{3FDE4B9C-4522-479B-9E75-9886706D6417}.Release|x64.ActiveCfg = Release|x64
		{3FDE4B9C-4522-479B-9E75-9886706D6417}.Release|x64.Build.0 = Release|x64
		{3FDE4B9C-4522-479B-9E75-9886706D6417}.Release|x86.ActiveCfg = Release|Win32
		{3FDE4B9C-4522-479B-9E75-9886706D6417}.Release|x86.Build.0 = Release|Win32
	EndGlobalSection
	GlobalSection(SolutionProperties) = preSolution
		HideSolutionNode = FALSE
	EndGlobalSection
	GlobalSection(ExtensibilityGlobals) = postSolution
		SolutionGuid = {8DF60D06-AFA6-45C4-A58B-EB987615F1F0}
	EndGlobalSection
EndGlobal
